
Microsoft Visual Studio Solution File, Format Version 12.00
# Visual Studio Version 17
VisualStudioVersion = 17.8.34309.116
MinimumVisualStudioVersion = 10.0.40219.1
Project("{F184B08F-C81C-45F6-A57F-5ABD9991F28F}") = "WinFormsApp1_FirstProject", "WinFormsApp1_FirstProject\WinFormsApp1_FirstProject.vbproj", "{43AA8CEF-D46F-494B-A033-B86474C8280D}"
EndProject
Global
	GlobalSection(SolutionConfigurationPlatforms) = preSolution
		Debug|Any CPU = Debug|Any CPU
		Release|Any CPU = Release|Any CPU
	EndGlobalSection
	GlobalSection(ProjectConfigurationPlatforms) = postSolution
		{43AA8CEF-D46F-494B-A033-B86474C8280D}.Debug|Any CPU.ActiveCfg = Debug|Any CPU
		{43AA8CEF-D46F-494B-A033-B86474C8280D}.Debug|Any CPU.Build.0 = Debug|Any CPU
		{43AA8CEF-D46F-494B-A033-B86474C8280D}.Release|Any CPU.ActiveCfg = Release|Any CPU
		{43AA8CEF-D46F-494B-A033-B86474C8280D}.Release|Any CPU.Build.0 = Release|Any CPU
	EndGlobalSection
	GlobalSection(SolutionProperties) = preSolution
		HideSolutionNode = FALSE
	EndGlobalSection
	GlobalSection(ExtensibilityGlobals) = postSolution
		SolutionGuid = {EBE47C7B-4E31-4180-BA9B-C4BC162D7546}
	EndGlobalSection
EndGlobal
